{
  "name": "npm-workspaces-demo",
  "version": "1.0.0",
  "lockfileVersion": 2,
  "requires": true,
  "packages": {
    "": {
      "version": "1.0.0",
      "license": "ISC",
      "workspaces": [
        "./packages/*"
      ]
    },
    "node_modules/lodash": {
      "version": "4.17.21",
      "resolved": "https://artifactory.futurenet.com/artifactory/api/npm/npm-remote/lodash/-/lodash-4.17.21.tgz",
      "integrity": "sha1-Z5WRxWTDv/quhFTPCz3zcMPWkRw=",
      "license": "MIT"
    },
    "node_modules/package-a": {
      "resolved": "packages/package-a",
      "link": true
    },
    "node_modules/package-b": {
      "resolved": "packages/package-b",
      "link": true
    },
    "packages/package-a": {
      "dependencies": {
        "lodash": "^4.17.21"
      }
    },
    "packages/package-b": {
      "dependencies": {
        "lodash": "^3.0.0"
      }
    },
    "packages/package-b/node_modules/lodash": {
      "version": "3.10.1",
      "resolved": "https://artifactory.futurenet.com/artifactory/api/npm/npm-remote/lodash/-/lodash-3.10.1.tgz",
      "integrity": "sha1-W/Rejkm6QYnhfUgnid/RW9FAt7Y=",
      "license": "MIT"
    }
  },
  "dependencies": {
    "lodash": {
      "version": "4.17.21",
      "resolved": "https://artifactory.futurenet.com/artifactory/api/npm/npm-remote/lodash/-/lodash-4.17.21.tgz",
      "integrity": "sha1-Z5WRxWTDv/quhFTPCz3zcMPWkRw="
    },
    "package-a": {
      "version": "file:packages/package-a",
      "requires": {
        "lodash": "^4.17.21"
      }
    },
    "package-b": {
      "version": "file:packages/package-b",
      "requires": {
        "lodash": "^3.0.0"
      },
      "dependencies": {
        "lodash": {
          "version": "3.10.1",
          "resolved": "https://artifactory.futurenet.com/artifactory/api/npm/npm-remote/lodash/-/lodash-3.10.1.tgz",
          "integrity": "sha1-W/Rejkm6QYnhfUgnid/RW9FAt7Y="
        }
      }
    }
  }
}
